
Microsoft Visual Studio Solution File, Format Version 12.00
# Visual Studio 2013
VisualStudioVersion = 12.0.20827.3
MinimumVisualStudioVersion = 10.0.40219.1
Project("{2150E333-8FDC-42A3-9474-1A3956D46DE8}") = "Servers", "Servers", "{33FAE2BC-89E5-45EC-8F16-285706FC30D0}"
EndProject
Project("{8BC9CEB8-8B4A-11D0-8D11-00A0C91BC942}") = "WorldServerLib", "WorldServerLib\WorldServerLib.vcxproj", "{40F24AAB-AB77-4061-9053-8298897D78C1}"
EndProject
Project("{8BC9CEB8-8B4A-11D0-8D11-00A0C91BC942}") = "Tests", "Tests\Tests.vcxproj", "{11D7E729-7512-42EB-9570-DBAFAF80303E}"
EndProject
Project("{8BC9CEB8-8B4A-11D0-8D11-00A0C91BC942}") = "WorldServerExe", "WorldServerExe\WorldServerExe.vcxproj", "{BC4A68DC-8D9F-48EC-BC68-3A3B24B059F0}"
EndProject
Project("{2150E333-8FDC-42A3-9474-1A3956D46DE8}") = "Client", "Client", "{07DF9C73-3483-4D64-B716-A7E17CB070C9}"
EndProject
Project("{2150E333-8FDC-42A3-9474-1A3956D46DE8}") = "Common", "Common", "{A2C79A10-A35E-4342-B415-444B894937B6}"
EndProject
Project("{8BC9CEB8-8B4A-11D0-8D11-00A0C91BC942}") = "CommonLib", "CommonLib\CommonLib.vcxproj", "{04A69F38-982A-4152-8F45-9FCFD8123AA6}"
EndProject
Project("{8BC9CEB8-8B4A-11D0-8D11-00A0C91BC942}") = "ClientBase", "ClientBase\ClientBase.vcxproj", "{6D97EEA2-CA07-48E1-BB18-CD4FFE7F4E7F}"
EndProject
Project("{8BC9CEB8-8B4A-11D0-8D11-00A0C91BC942}") = "Client", "Client\Client.vcxproj", "{62648307-E4F1-434E-9E4F-B087EA7B6DBA}"
EndProject
Project("{8BC9CEB8-8B4A-11D0-8D11-00A0C91BC942}") = "OpenGLGraphics", "OpenGLGraphics\OpenGLGraphics.vcxproj", "{8555587B-D906-438D-9F4A-B83056515230}"
EndProject
Project("{8BC9CEB8-8B4A-11D0-8D11-00A0C91BC942}") = "GLFWContext", "GLFWContext\GLFWContext.vcxproj", "{8B1ED672-D8E1-467C-A1C2-192AABA6EFE4}"
EndProject
Project("{2150E333-8FDC-42A3-9474-1A3956D46DE8}") = "OpenGL", "OpenGL", "{0F34EBDF-6761-434B-B50A-B81B8FD93D96}"
EndProject
Project("{8BC9CEB8-8B4A-11D0-8D11-00A0C91BC942}") = "DefaultStateEngine", "DefaultStateEngine\DefaultStateEngine.vcxproj", "{0D67849E-7800-4FC6-9EC1-A7CB41700C04}"
EndProject
Project("{2150E333-8FDC-42A3-9474-1A3956D46DE8}") = "States", "States", "{7D87893B-B2F8-4A3B-A1A2-970E3267BB4F}"
EndProject
Project("{8BC9CEB8-8B4A-11D0-8D11-00A0C91BC942}") = "GameState", "GameState\GameState.vcxproj", "{25C9D72D-B168-4623-8F64-022279033C3B}"
EndProject
Project("{8BC9CEB8-8B4A-11D0-8D11-00A0C91BC942}") = "MainMenuState", "MainMenuState\MainMenuState.vcxproj", "{394C1C2B-9315-4EE5-8D81-9F60F551E970}"
EndProject
Project("{2150E333-8FDC-42A3-9474-1A3956D46DE8}") = "RakNet", "RakNet", "{95B9D9FD-24E7-4F0D-B638-348E3A72D4FB}"
EndProject
Project("{8BC9CEB8-8B4A-11D0-8D11-00A0C91BC942}") = "RakNetNetwork", "RakNetNetwork\RakNetNetwork.vcxproj", "{A50ECC26-D8CB-4F46-A238-F929844C9EF5}"
EndProject
Project("{8BC9CEB8-8B4A-11D0-8D11-00A0C91BC942}") = "DefaultInput", "DefaultInput\DefaultInput.vcxproj", "{68728A9F-9118-4F9B-B855-B57CBD2ECE56}"
EndProject
Project("{8BC9CEB8-8B4A-11D0-8D11-00A0C91BC942}") = "DefaultContent", "DefaultContent\DefaultContent.vcxproj", "{BEBDE641-C537-4612-A587-DF688F02E79F}"
EndProject
Global
	GlobalSection(SolutionConfigurationPlatforms) = preSolution
		Debug|Win32 = Debug|Win32
		Release|Win32 = Release|Win32
	EndGlobalSection
	GlobalSection(ProjectConfigurationPlatforms) = postSolution
		{40F24AAB-AB77-4061-9053-8298897D78C1}.Debug|Win32.ActiveCfg = Debug|Win32
		{40F24AAB-AB77-4061-9053-8298897D78C1}.Debug|Win32.Build.0 = Debug|Win32
		{40F24AAB-AB77-4061-9053-8298897D78C1}.Release|Win32.ActiveCfg = Release|Win32
		{40F24AAB-AB77-4061-9053-8298897D78C1}.Release|Win32.Build.0 = Release|Win32
		{11D7E729-7512-42EB-9570-DBAFAF80303E}.Debug|Win32.ActiveCfg = Debug|Win32
		{11D7E729-7512-42EB-9570-DBAFAF80303E}.Debug|Win32.Build.0 = Debug|Win32
		{11D7E729-7512-42EB-9570-DBAFAF80303E}.Release|Win32.ActiveCfg = Release|Win32
		{11D7E729-7512-42EB-9570-DBAFAF80303E}.Release|Win32.Build.0 = Release|Win32
		{BC4A68DC-8D9F-48EC-BC68-3A3B24B059F0}.Debug|Win32.ActiveCfg = Debug|Win32
		{BC4A68DC-8D9F-48EC-BC68-3A3B24B059F0}.Debug|Win32.Build.0 = Debug|Win32
		{BC4A68DC-8D9F-48EC-BC68-3A3B24B059F0}.Release|Win32.ActiveCfg = Release|Win32
		{BC4A68DC-8D9F-48EC-BC68-3A3B24B059F0}.Release|Win32.Build.0 = Release|Win32
		{04A69F38-982A-4152-8F45-9FCFD8123AA6}.Debug|Win32.ActiveCfg = Debug|Win32
		{04A69F38-982A-4152-8F45-9FCFD8123AA6}.Debug|Win32.Build.0 = Debug|Win32
		{04A69F38-982A-4152-8F45-9FCFD8123AA6}.Release|Win32.ActiveCfg = Release|Win32
		{04A69F38-982A-4152-8F45-9FCFD8123AA6}.Release|Win32.Build.0 = Release|Win32
		{6D97EEA2-CA07-48E1-BB18-CD4FFE7F4E7F}.Debug|Win32.ActiveCfg = Debug|Win32
		{6D97EEA2-CA07-48E1-BB18-CD4FFE7F4E7F}.Debug|Win32.Build.0 = Debug|Win32
		{6D97EEA2-CA07-48E1-BB18-CD4FFE7F4E7F}.Release|Win32.ActiveCfg = Release|Win32
		{6D97EEA2-CA07-48E1-BB18-CD4FFE7F4E7F}.Release|Win32.Build.0 = Release|Win32
		{62648307-E4F1-434E-9E4F-B087EA7B6DBA}.Debug|Win32.ActiveCfg = Debug|Win32
		{62648307-E4F1-434E-9E4F-B087EA7B6DBA}.Debug|Win32.Build.0 = Debug|Win32
		{62648307-E4F1-434E-9E4F-B087EA7B6DBA}.Release|Win32.ActiveCfg = Release|Win32
		{62648307-E4F1-434E-9E4F-B087EA7B6DBA}.Release|Win32.Build.0 = Release|Win32
		{8555587B-D906-438D-9F4A-B83056515230}.Debug|Win32.ActiveCfg = Debug|Win32
		{8555587B-D906-438D-9F4A-B83056515230}.Debug|Win32.Build.0 = Debug|Win32
		{8555587B-D906-438D-9F4A-B83056515230}.Release|Win32.ActiveCfg = Release|Win32
		{8555587B-D906-438D-9F4A-B83056515230}.Release|Win32.Build.0 = Release|Win32
		{8B1ED672-D8E1-467C-A1C2-192AABA6EFE4}.Debug|Win32.ActiveCfg = Debug|Win32
		{8B1ED672-D8E1-467C-A1C2-192AABA6EFE4}.Debug|Win32.Build.0 = Debug|Win32
		{8B1ED672-D8E1-467C-A1C2-192AABA6EFE4}.Release|Win32.ActiveCfg = Release|Win32
		{8B1ED672-D8E1-467C-A1C2-192AABA6EFE4}.Release|Win32.Build.0 = Release|Win32
		{0D67849E-7800-4FC6-9EC1-A7CB41700C04}.Debug|Win32.ActiveCfg = Debug|Win32
		{0D67849E-7800-4FC6-9EC1-A7CB41700C04}.Debug|Win32.Build.0 = Debug|Win32
		{0D67849E-7800-4FC6-9EC1-A7CB41700C04}.Release|Win32.ActiveCfg = Release|Win32
		{0D67849E-7800-4FC6-9EC1-A7CB41700C04}.Release|Win32.Build.0 = Release|Win32
		{25C9D72D-B168-4623-8F64-022279033C3B}.Debug|Win32.ActiveCfg = Debug|Win32
		{25C9D72D-B168-4623-8F64-022279033C3B}.Debug|Win32.Build.0 = Debug|Win32
		{25C9D72D-B168-4623-8F64-022279033C3B}.Release|Win32.ActiveCfg = Release|Win32
		{25C9D72D-B168-4623-8F64-022279033C3B}.Release|Win32.Build.0 = Release|Win32
		{394C1C2B-9315-4EE5-8D81-9F60F551E970}.Debug|Win32.ActiveCfg = Debug|Win32
		{394C1C2B-9315-4EE5-8D81-9F60F551E970}.Debug|Win32.Build.0 = Debug|Win32
		{394C1C2B-9315-4EE5-8D81-9F60F551E970}.Release|Win32.ActiveCfg = Release|Win32
		{394C1C2B-9315-4EE5-8D81-9F60F551E970}.Release|Win32.Build.0 = Release|Win32
		{A50ECC26-D8CB-4F46-A238-F929844C9EF5}.Debug|Win32.ActiveCfg = Debug|Win32
		{A50ECC26-D8CB-4F46-A238-F929844C9EF5}.Debug|Win32.Build.0 = Debug|Win32
		{A50ECC26-D8CB-4F46-A238-F929844C9EF5}.Release|Win32.ActiveCfg = Release|Win32
		{A50ECC26-D8CB-4F46-A238-F929844C9EF5}.Release|Win32.Build.0 = Release|Win32
		{68728A9F-9118-4F9B-B855-B57CBD2ECE56}.Debug|Win32.ActiveCfg = Debug|Win32
		{68728A9F-9118-4F9B-B855-B57CBD2ECE56}.Debug|Win32.Build.0 = Debug|Win32
		{68728A9F-9118-4F9B-B855-B57CBD2ECE56}.Release|Win32.ActiveCfg = Release|Win32
		{68728A9F-9118-4F9B-B855-B57CBD2ECE56}.Release|Win32.Build.0 = Release|Win32
		{BEBDE641-C537-4612-A587-DF688F02E79F}.Debug|Win32.ActiveCfg = Debug|Win32
		{BEBDE641-C537-4612-A587-DF688F02E79F}.Debug|Win32.Build.0 = Debug|Win32
		{BEBDE641-C537-4612-A587-DF688F02E79F}.Release|Win32.ActiveCfg = Release|Win32
		{BEBDE641-C537-4612-A587-DF688F02E79F}.Release|Win32.Build.0 = Release|Win32
	EndGlobalSection
	GlobalSection(SolutionProperties) = preSolution
		HideSolutionNode = FALSE
	EndGlobalSection
	GlobalSection(NestedProjects) = preSolution
		{6D97EEA2-CA07-48E1-BB18-CD4FFE7F4E7F} = {07DF9C73-3483-4D64-B716-A7E17CB070C9}
		{62648307-E4F1-434E-9E4F-B087EA7B6DBA} = {07DF9C73-3483-4D64-B716-A7E17CB070C9}
		{0F34EBDF-6761-434B-B50A-B81B8FD93D96} = {07DF9C73-3483-4D64-B716-A7E17CB070C9}
		{0D67849E-7800-4FC6-9EC1-A7CB41700C04} = {07DF9C73-3483-4D64-B716-A7E17CB070C9}
		{7D87893B-B2F8-4A3B-A1A2-970E3267BB4F} = {07DF9C73-3483-4D64-B716-A7E17CB070C9}
		{95B9D9FD-24E7-4F0D-B638-348E3A72D4FB} = {07DF9C73-3483-4D64-B716-A7E17CB070C9}
		{68728A9F-9118-4F9B-B855-B57CBD2ECE56} = {07DF9C73-3483-4D64-B716-A7E17CB070C9}
		{BEBDE641-C537-4612-A587-DF688F02E79F} = {07DF9C73-3483-4D64-B716-A7E17CB070C9}
		{40F24AAB-AB77-4061-9053-8298897D78C1} = {33FAE2BC-89E5-45EC-8F16-285706FC30D0}
		{BC4A68DC-8D9F-48EC-BC68-3A3B24B059F0} = {33FAE2BC-89E5-45EC-8F16-285706FC30D0}
		{04A69F38-982A-4152-8F45-9FCFD8123AA6} = {A2C79A10-A35E-4342-B415-444B894937B6}
		{8B1ED672-D8E1-467C-A1C2-192AABA6EFE4} = {0F34EBDF-6761-434B-B50A-B81B8FD93D96}
		{8555587B-D906-438D-9F4A-B83056515230} = {0F34EBDF-6761-434B-B50A-B81B8FD93D96}
		{25C9D72D-B168-4623-8F64-022279033C3B} = {7D87893B-B2F8-4A3B-A1A2-970E3267BB4F}
		{394C1C2B-9315-4EE5-8D81-9F60F551E970} = {7D87893B-B2F8-4A3B-A1A2-970E3267BB4F}
		{A50ECC26-D8CB-4F46-A238-F929844C9EF5} = {95B9D9FD-24E7-4F0D-B638-348E3A72D4FB}
	EndGlobalSection
EndGlobal
