<?xml version="1.0" encoding="utf-8"?>
<Project ToolsVersion="4.0" xmlns="http://schemas.microsoft.com/developer/msbuild/2003">
  <ItemGroup>
    <Filter Include="Source Files">
      <UniqueIdentifier>{4FC737F1-C7A5-4376-A066-2A32D752A2FF}</UniqueIdentifier>
      <Extensions>cpp;c;cc;cxx;def;odl;idl;hpj;bat;asm;asmx</Extensions>
    </Filter>
    <Filter Include="Header Files">
      <UniqueIdentifier>{93995380-89BD-4b04-88EB-625FBE52EBFB}</UniqueIdentifier>
      <Extensions>h;hh;hpp;hxx;hm;inl;inc;xsd</Extensions>
    </Filter>
    <Filter Include="Resource Files">
      <UniqueIdentifier>{67DA6AB6-F800-4c08-8B7A-83BB121AAD01}</UniqueIdentifier>
      <Extensions>rc;ico;cur;bmp;dlg;rc2;rct;bin;rgs;gif;jpg;jpeg;jpe;resx;tiff;tif;png;wav;mfcribbon-ms</Extensions>
    </Filter>
    <Filter Include="RakNet">
      <UniqueIdentifier>{5931a4d3-9b71-4f33-8e73-3d1a8132ec20}</UniqueIdentifier>
    </Filter>
    <Filter Include="Header Files\Network">
      <UniqueIdentifier>{e8069045-da15-44a6-a4b2-714cad727aa3}</UniqueIdentifier>
    </Filter>
    <Filter Include="Header Files\Misc">
      <UniqueIdentifier>{0bc91c4f-da5f-4d7e-a7c9-a19b879a1355}</UniqueIdentifier>
    </Filter>
    <Filter Include="Header Files\Utils">
      <UniqueIdentifier>{41d0f406-a61d-4178-8206-859a8a94e5b6}</UniqueIdentifier>
    </Filter>
    <Filter Include="Source Files\Utils">
      <UniqueIdentifier>{9231e645-357e-48cb-ad96-24d32aa4e98f}</UniqueIdentifier>
    </Filter>
    <Filter Include="Header Files\Utils\Logger">
      <UniqueIdentifier>{a8e28730-0a40-4227-b13a-117562167abc}</UniqueIdentifier>
    </Filter>
    <Filter Include="Source Files\Utils\Logger">
      <UniqueIdentifier>{ec04e05f-c3c9-4f77-82ee-dee1325e850b}</UniqueIdentifier>
    </Filter>
    <Filter Include="Header Files\Utils\Events">
      <UniqueIdentifier>{b88fc3d6-57da-48a8-8f24-10dbdafa0d16}</UniqueIdentifier>
    </Filter>
  </ItemGroup>
  <ItemGroup>
    <ClInclude Include="..\libraries\raknet\Source\_FindFirst.h">
      <Filter>RakNet</Filter>
    </ClInclude>
    <ClInclude Include="..\libraries\raknet\Source\AutopatcherPatchContext.h">
      <Filter>RakNet</Filter>
    </ClInclude>
    <ClInclude Include="..\libraries\raknet\Source\AutopatcherRepositoryInterface.h">
      <Filter>RakNet</Filter>
    </ClInclude>
    <ClInclude Include="..\libraries\raknet\Source\Base64Encoder.h">
      <Filter>RakNet</Filter>
    </ClInclude>
    <ClInclude Include="..\libraries\raknet\Source\BitStream.h">
      <Filter>RakNet</Filter>
    </ClInclude>
    <ClInclude Include="..\libraries\raknet\Source\CCRakNetSlidingWindow.h">
      <Filter>RakNet</Filter>
    </ClInclude>
    <ClInclude Include="..\libraries\raknet\Source\CCRakNetUDT.h">
      <Filter>RakNet</Filter>
    </ClInclude>
    <ClInclude Include="..\libraries\raknet\Source\CheckSum.h">
      <Filter>RakNet</Filter>
    </ClInclude>
    <ClInclude Include="..\libraries\raknet\Source\CloudClient.h">
      <Filter>RakNet</Filter>
    </ClInclude>
    <ClInclude Include="..\libraries\raknet\Source\CloudCommon.h">
      <Filter>RakNet</Filter>
    </ClInclude>
    <ClInclude Include="..\libraries\raknet\Source\CloudServer.h">
      <Filter>RakNet</Filter>
    </ClInclude>
    <ClInclude Include="..\libraries\raknet\Source\CommandParserInterface.h">
      <Filter>RakNet</Filter>
    </ClInclude>
    <ClInclude Include="..\libraries\raknet\Source\ConnectionGraph2.h">
      <Filter>RakNet</Filter>
    </ClInclude>
    <ClInclude Include="..\libraries\raknet\Source\ConsoleServer.h">
      <Filter>RakNet</Filter>
    </ClInclude>
    <ClInclude Include="..\libraries\raknet\Source\DataCompressor.h">
      <Filter>RakNet</Filter>
    </ClInclude>
    <ClInclude Include="..\libraries\raknet\Source\DirectoryDeltaTransfer.h">
      <Filter>RakNet</Filter>
    </ClInclude>
    <ClInclude Include="..\libraries\raknet\Source\DR_SHA1.h">
      <Filter>RakNet</Filter>
    </ClInclude>
    <ClInclude Include="..\libraries\raknet\Source\DS_BinarySearchTree.h">
      <Filter>RakNet</Filter>
    </ClInclude>
    <ClInclude Include="..\libraries\raknet\Source\DS_BPlusTree.h">
      <Filter>RakNet</Filter>
    </ClInclude>
    <ClInclude Include="..\libraries\raknet\Source\DS_BytePool.h">
      <Filter>RakNet</Filter>
    </ClInclude>
    <ClInclude Include="..\libraries\raknet\Source\DS_ByteQueue.h">
      <Filter>RakNet</Filter>
    </ClInclude>
    <ClInclude Include="..\libraries\raknet\Source\DS_Hash.h">
      <Filter>RakNet</Filter>
    </ClInclude>
    <ClInclude Include="..\libraries\raknet\Source\DS_Heap.h">
      <Filter>RakNet</Filter>
    </ClInclude>
    <ClInclude Include="..\libraries\raknet\Source\DS_HuffmanEncodingTree.h">
      <Filter>RakNet</Filter>
    </ClInclude>
    <ClInclude Include="..\libraries\raknet\Source\DS_HuffmanEncodingTreeFactory.h">
      <Filter>RakNet</Filter>
    </ClInclude>
    <ClInclude Include="..\libraries\raknet\Source\DS_HuffmanEncodingTreeNode.h">
      <Filter>RakNet</Filter>
    </ClInclude>
    <ClInclude Include="..\libraries\raknet\Source\DS_LinkedList.h">
      <Filter>RakNet</Filter>
    </ClInclude>
    <ClInclude Include="..\libraries\raknet\Source\DS_List.h">
      <Filter>RakNet</Filter>
    </ClInclude>
    <ClInclude Include="..\libraries\raknet\Source\DS_Map.h">
      <Filter>RakNet</Filter>
    </ClInclude>
    <ClInclude Include="..\libraries\raknet\Source\DS_MemoryPool.h">
      <Filter>RakNet</Filter>
    </ClInclude>
    <ClInclude Include="..\libraries\raknet\Source\DS_Multilist.h">
      <Filter>RakNet</Filter>
    </ClInclude>
    <ClInclude Include="..\libraries\raknet\Source\DS_OrderedChannelHeap.h">
      <Filter>RakNet</Filter>
    </ClInclude>
    <ClInclude Include="..\libraries\raknet\Source\DS_OrderedList.h">
      <Filter>RakNet</Filter>
    </ClInclude>
    <ClInclude Include="..\libraries\raknet\Source\DS_Queue.h">
      <Filter>RakNet</Filter>
    </ClInclude>
    <ClInclude Include="..\libraries\raknet\Source\DS_QueueLinkedList.h">
      <Filter>RakNet</Filter>
    </ClInclude>
    <ClInclude Include="..\libraries\raknet\Source\DS_RangeList.h">
      <Filter>RakNet</Filter>
    </ClInclude>
    <ClInclude Include="..\libraries\raknet\Source\DS_Table.h">
      <Filter>RakNet</Filter>
    </ClInclude>
    <ClInclude Include="..\libraries\raknet\Source\DS_ThreadsafeAllocatingQueue.h">
      <Filter>RakNet</Filter>
    </ClInclude>
    <ClInclude Include="..\libraries\raknet\Source\DS_Tree.h">
      <Filter>RakNet</Filter>
    </ClInclude>
    <ClInclude Include="..\libraries\raknet\Source\DS_WeightedGraph.h">
      <Filter>RakNet</Filter>
    </ClInclude>
    <ClInclude Include="..\libraries\raknet\Source\DynDNS.h">
      <Filter>RakNet</Filter>
    </ClInclude>
    <ClInclude Include="..\libraries\raknet\Source\EmailSender.h">
      <Filter>RakNet</Filter>
    </ClInclude>
    <ClInclude Include="..\libraries\raknet\Source\EmptyHeader.h">
      <Filter>RakNet</Filter>
    </ClInclude>
    <ClInclude Include="..\libraries\raknet\Source\EpochTimeToString.h">
      <Filter>RakNet</Filter>
    </ClInclude>
    <ClInclude Include="..\libraries\raknet\Source\Export.h">
      <Filter>RakNet</Filter>
    </ClInclude>
    <ClInclude Include="..\libraries\raknet\Source\FileList.h">
      <Filter>RakNet</Filter>
    </ClInclude>
    <ClInclude Include="..\libraries\raknet\Source\FileListNodeContext.h">
      <Filter>RakNet</Filter>
    </ClInclude>
    <ClInclude Include="..\libraries\raknet\Source\FileListTransfer.h">
      <Filter>RakNet</Filter>
    </ClInclude>
    <ClInclude Include="..\libraries\raknet\Source\FileListTransferCBInterface.h">
      <Filter>RakNet</Filter>
    </ClInclude>
    <ClInclude Include="..\libraries\raknet\Source\FileOperations.h">
      <Filter>RakNet</Filter>
    </ClInclude>
    <ClInclude Include="..\libraries\raknet\Source\FormatString.h">
      <Filter>RakNet</Filter>
    </ClInclude>
    <ClInclude Include="..\libraries\raknet\Source\FullyConnectedMesh2.h">
      <Filter>RakNet</Filter>
    </ClInclude>
    <ClInclude Include="..\libraries\raknet\Source\Getche.h">
      <Filter>RakNet</Filter>
    </ClInclude>
    <ClInclude Include="..\libraries\raknet\Source\Gets.h">
      <Filter>RakNet</Filter>
    </ClInclude>
    <ClInclude Include="..\libraries\raknet\Source\GetTime.h">
      <Filter>RakNet</Filter>
    </ClInclude>
    <ClInclude Include="..\libraries\raknet\Source\gettimeofday.h">
      <Filter>RakNet</Filter>
    </ClInclude>
    <ClInclude Include="..\libraries\raknet\Source\GridSectorizer.h">
      <Filter>RakNet</Filter>
    </ClInclude>
    <ClInclude Include="..\libraries\raknet\Source\HTTPConnection.h">
      <Filter>RakNet</Filter>
    </ClInclude>
    <ClInclude Include="..\libraries\raknet\Source\HTTPConnection2.h">
      <Filter>RakNet</Filter>
    </ClInclude>
    <ClInclude Include="..\libraries\raknet\Source\IncrementalReadInterface.h">
      <Filter>RakNet</Filter>
    </ClInclude>
    <ClInclude Include="..\libraries\raknet\Source\InternalPacket.h">
      <Filter>RakNet</Filter>
    </ClInclude>
    <ClInclude Include="..\libraries\raknet\Source\Itoa.h">
      <Filter>RakNet</Filter>
    </ClInclude>
    <ClInclude Include="..\libraries\raknet\Source\Kbhit.h">
      <Filter>RakNet</Filter>
    </ClInclude>
    <ClInclude Include="..\libraries\raknet\Source\LinuxStrings.h">
      <Filter>RakNet</Filter>
    </ClInclude>
    <ClInclude Include="..\libraries\raknet\Source\LocklessTypes.h">
      <Filter>RakNet</Filter>
    </ClInclude>
    <ClInclude Include="..\libraries\raknet\Source\LogCommandParser.h">
      <Filter>RakNet</Filter>
    </ClInclude>
    <ClInclude Include="..\libraries\raknet\Source\MessageFilter.h">
      <Filter>RakNet</Filter>
    </ClInclude>
    <ClInclude Include="..\libraries\raknet\Source\MessageIdentifiers.h">
      <Filter>RakNet</Filter>
    </ClInclude>
    <ClInclude Include="..\libraries\raknet\Source\MTUSize.h">
      <Filter>RakNet</Filter>
    </ClInclude>
    <ClInclude Include="..\libraries\raknet\Source\NativeFeatureIncludes.h">
      <Filter>RakNet</Filter>
    </ClInclude>
    <ClInclude Include="..\libraries\raknet\Source\NativeFeatureIncludesOverrides.h">
      <Filter>RakNet</Filter>
    </ClInclude>
    <ClInclude Include="..\libraries\raknet\Source\NativeTypes.h">
      <Filter>RakNet</Filter>
    </ClInclude>
    <ClInclude Include="..\libraries\raknet\Source\NatPunchthroughClient.h">
      <Filter>RakNet</Filter>
    </ClInclude>
    <ClInclude Include="..\libraries\raknet\Source\NatPunchthroughServer.h">
      <Filter>RakNet</Filter>
    </ClInclude>
    <ClInclude Include="..\libraries\raknet\Source\NatTypeDetectionClient.h">
      <Filter>RakNet</Filter>
    </ClInclude>
    <ClInclude Include="..\libraries\raknet\Source\NatTypeDetectionCommon.h">
      <Filter>RakNet</Filter>
    </ClInclude>
    <ClInclude Include="..\libraries\raknet\Source\NatTypeDetectionServer.h">
      <Filter>RakNet</Filter>
    </ClInclude>
    <ClInclude Include="..\libraries\raknet\Source\NetworkIDManager.h">
      <Filter>RakNet</Filter>
    </ClInclude>
    <ClInclude Include="..\libraries\raknet\Source\NetworkIDObject.h">
      <Filter>RakNet</Filter>
    </ClInclude>
    <ClInclude Include="..\libraries\raknet\Source\PacketConsoleLogger.h">
      <Filter>RakNet</Filter>
    </ClInclude>
    <ClInclude Include="..\libraries\raknet\Source\PacketFileLogger.h">
      <Filter>RakNet</Filter>
    </ClInclude>
    <ClInclude Include="..\libraries\raknet\Source\PacketizedTCP.h">
      <Filter>RakNet</Filter>
    </ClInclude>
    <ClInclude Include="..\libraries\raknet\Source\PacketLogger.h">
      <Filter>RakNet</Filter>
    </ClInclude>
    <ClInclude Include="..\libraries\raknet\Source\PacketOutputWindowLogger.h">
      <Filter>RakNet</Filter>
    </ClInclude>
    <ClInclude Include="..\libraries\raknet\Source\PacketPool.h">
      <Filter>RakNet</Filter>
    </ClInclude>
    <ClInclude Include="..\libraries\raknet\Source\PacketPriority.h">
      <Filter>RakNet</Filter>
    </ClInclude>
    <ClInclude Include="..\libraries\raknet\Source\PluginInterface2.h">
      <Filter>RakNet</Filter>
    </ClInclude>
    <ClInclude Include="..\libraries\raknet\Source\PS3Includes.h">
      <Filter>RakNet</Filter>
    </ClInclude>
    <ClInclude Include="..\libraries\raknet\Source\PS4Includes.h">
      <Filter>RakNet</Filter>
    </ClInclude>
    <ClInclude Include="..\libraries\raknet\Source\Rackspace.h">
      <Filter>RakNet</Filter>
    </ClInclude>
    <ClInclude Include="..\libraries\raknet\Source\RakAlloca.h">
      <Filter>RakNet</Filter>
    </ClInclude>
    <ClInclude Include="..\libraries\raknet\Source\RakAssert.h">
      <Filter>RakNet</Filter>
    </ClInclude>
    <ClInclude Include="..\libraries\raknet\Source\RakMemoryOverride.h">
      <Filter>RakNet</Filter>
    </ClInclude>
    <ClInclude Include="..\libraries\raknet\Source\RakNetCommandParser.h">
      <Filter>RakNet</Filter>
    </ClInclude>
    <ClInclude Include="..\libraries\raknet\Source\RakNetDefines.h">
      <Filter>RakNet</Filter>
    </ClInclude>
    <ClInclude Include="..\libraries\raknet\Source\RakNetDefinesOverrides.h">
      <Filter>RakNet</Filter>
    </ClInclude>
    <ClInclude Include="..\libraries\raknet\Source\RakNetSmartPtr.h">
      <Filter>RakNet</Filter>
    </ClInclude>
    <ClInclude Include="..\libraries\raknet\Source\RakNetSocket.h">
      <Filter>RakNet</Filter>
    </ClInclude>
    <ClInclude Include="..\libraries\raknet\Source\RakNetSocket2.h">
      <Filter>RakNet</Filter>
    </ClInclude>
    <ClInclude Include="..\libraries\raknet\Source\RakNetStatistics.h">
      <Filter>RakNet</Filter>
    </ClInclude>
    <ClInclude Include="..\libraries\raknet\Source\RakNetTime.h">
      <Filter>RakNet</Filter>
    </ClInclude>
    <ClInclude Include="..\libraries\raknet\Source\RakNetTransport2.h">
      <Filter>RakNet</Filter>
    </ClInclude>
    <ClInclude Include="..\libraries\raknet\Source\RakNetTypes.h">
      <Filter>RakNet</Filter>
    </ClInclude>
    <ClInclude Include="..\libraries\raknet\Source\RakNetVersion.h">
      <Filter>RakNet</Filter>
    </ClInclude>
    <ClInclude Include="..\libraries\raknet\Source\RakPeer.h">
      <Filter>RakNet</Filter>
    </ClInclude>
    <ClInclude Include="..\libraries\raknet\Source\RakPeerInterface.h">
      <Filter>RakNet</Filter>
    </ClInclude>
    <ClInclude Include="..\libraries\raknet\Source\RakSleep.h">
      <Filter>RakNet</Filter>
    </ClInclude>
    <ClInclude Include="..\libraries\raknet\Source\RakString.h">
      <Filter>RakNet</Filter>
    </ClInclude>
    <ClInclude Include="..\libraries\raknet\Source\RakThread.h">
      <Filter>RakNet</Filter>
    </ClInclude>
    <ClInclude Include="..\libraries\raknet\Source\RakWString.h">
      <Filter>RakNet</Filter>
    </ClInclude>
    <ClInclude Include="..\libraries\raknet\Source\Rand.h">
      <Filter>RakNet</Filter>
    </ClInclude>
    <ClInclude Include="..\libraries\raknet\Source\RandSync.h">
      <Filter>RakNet</Filter>
    </ClInclude>
    <ClInclude Include="..\libraries\raknet\Source\ReadyEvent.h">
      <Filter>RakNet</Filter>
    </ClInclude>
    <ClInclude Include="..\libraries\raknet\Source\RefCountedObj.h">
      <Filter>RakNet</Filter>
    </ClInclude>
    <ClInclude Include="..\libraries\raknet\Source\RelayPlugin.h">
      <Filter>RakNet</Filter>
    </ClInclude>
    <ClInclude Include="..\libraries\raknet\Source\ReliabilityLayer.h">
      <Filter>RakNet</Filter>
    </ClInclude>
    <ClInclude Include="..\libraries\raknet\Source\ReplicaEnums.h">
      <Filter>RakNet</Filter>
    </ClInclude>
    <ClInclude Include="..\libraries\raknet\Source\ReplicaManager3.h">
      <Filter>RakNet</Filter>
    </ClInclude>
    <ClInclude Include="..\libraries\raknet\Source\Router2.h">
      <Filter>RakNet</Filter>
    </ClInclude>
    <ClInclude Include="..\libraries\raknet\Source\RPC4Plugin.h">
      <Filter>RakNet</Filter>
    </ClInclude>
    <ClInclude Include="..\libraries\raknet\Source\SecureHandshake.h">
      <Filter>RakNet</Filter>
    </ClInclude>
    <ClInclude Include="..\libraries\raknet\Source\SendToThread.h">
      <Filter>RakNet</Filter>
    </ClInclude>
    <ClInclude Include="..\libraries\raknet\Source\SignaledEvent.h">
      <Filter>RakNet</Filter>
    </ClInclude>
    <ClInclude Include="..\libraries\raknet\Source\SimpleMutex.h">
      <Filter>RakNet</Filter>
    </ClInclude>
    <ClInclude Include="..\libraries\raknet\Source\SimpleTCPServer.h">
      <Filter>RakNet</Filter>
    </ClInclude>
    <ClInclude Include="..\libraries\raknet\Source\SingleProducerConsumer.h">
      <Filter>RakNet</Filter>
    </ClInclude>
    <ClInclude Include="..\libraries\raknet\Source\SocketDefines.h">
      <Filter>RakNet</Filter>
    </ClInclude>
    <ClInclude Include="..\libraries\raknet\Source\SocketIncludes.h">
      <Filter>RakNet</Filter>
    </ClInclude>
    <ClInclude Include="..\libraries\raknet\Source\SocketLayer.h">
      <Filter>RakNet</Filter>
    </ClInclude>
    <ClInclude Include="..\libraries\raknet\Source\StatisticsHistory.h">
      <Filter>RakNet</Filter>
    </ClInclude>
    <ClInclude Include="..\libraries\raknet\Source\StringCompressor.h">
      <Filter>RakNet</Filter>
    </ClInclude>
    <ClInclude Include="..\libraries\raknet\Source\StringTable.h">
      <Filter>RakNet</Filter>
    </ClInclude>
    <ClInclude Include="..\libraries\raknet\Source\SuperFastHash.h">
      <Filter>RakNet</Filter>
    </ClInclude>
    <ClInclude Include="..\libraries\raknet\Source\TableSerializer.h">
      <Filter>RakNet</Filter>
    </ClInclude>
    <ClInclude Include="..\libraries\raknet\Source\TCPInterface.h">
      <Filter>RakNet</Filter>
    </ClInclude>
    <ClInclude Include="..\libraries\raknet\Source\TeamBalancer.h">
      <Filter>RakNet</Filter>
    </ClInclude>
    <ClInclude Include="..\libraries\raknet\Source\TeamManager.h">
      <Filter>RakNet</Filter>
    </ClInclude>
    <ClInclude Include="..\libraries\raknet\Source\TelnetTransport.h">
      <Filter>RakNet</Filter>
    </ClInclude>
    <ClInclude Include="..\libraries\raknet\Source\ThreadPool.h">
      <Filter>RakNet</Filter>
    </ClInclude>
    <ClInclude Include="..\libraries\raknet\Source\ThreadsafePacketLogger.h">
      <Filter>RakNet</Filter>
    </ClInclude>
    <ClInclude Include="..\libraries\raknet\Source\TransportInterface.h">
      <Filter>RakNet</Filter>
    </ClInclude>
    <ClInclude Include="..\libraries\raknet\Source\TwoWayAuthentication.h">
      <Filter>RakNet</Filter>
    </ClInclude>
    <ClInclude Include="..\libraries\raknet\Source\UDPForwarder.h">
      <Filter>RakNet</Filter>
    </ClInclude>
    <ClInclude Include="..\libraries\raknet\Source\UDPProxyClient.h">
      <Filter>RakNet</Filter>
    </ClInclude>
    <ClInclude Include="..\libraries\raknet\Source\UDPProxyCommon.h">
      <Filter>RakNet</Filter>
    </ClInclude>
    <ClInclude Include="..\libraries\raknet\Source\UDPProxyCoordinator.h">
      <Filter>RakNet</Filter>
    </ClInclude>
    <ClInclude Include="..\libraries\raknet\Source\UDPProxyServer.h">
      <Filter>RakNet</Filter>
    </ClInclude>
    <ClInclude Include="..\libraries\raknet\Source\VariableDeltaSerializer.h">
      <Filter>RakNet</Filter>
    </ClInclude>
    <ClInclude Include="..\libraries\raknet\Source\VariableListDeltaTracker.h">
      <Filter>RakNet</Filter>
    </ClInclude>
    <ClInclude Include="..\libraries\raknet\Source\VariadicSQLParser.h">
      <Filter>RakNet</Filter>
    </ClInclude>
    <ClInclude Include="..\libraries\raknet\Source\VitaIncludes.h">
      <Filter>RakNet</Filter>
    </ClInclude>
    <ClInclude Include="..\libraries\raknet\Source\WindowsIncludes.h">
      <Filter>RakNet</Filter>
    </ClInclude>
    <ClInclude Include="..\libraries\raknet\Source\WSAStartupSingleton.h">
      <Filter>RakNet</Filter>
    </ClInclude>
    <ClInclude Include="..\libraries\raknet\Source\XBox360Includes.h">
      <Filter>RakNet</Filter>
    </ClInclude>
    <ClInclude Include="PacketTypes.h">
      <Filter>Header Files\Network</Filter>
    </ClInclude>
    <ClInclude Include="postypes.h">
      <Filter>Header Files\Misc</Filter>
    </ClInclude>
    <ClInclude Include="Exception.h">
      <Filter>Header Files\Misc</Filter>
    </ClInclude>
    <ClInclude Include="crosscomp.h">
      <Filter>Header Files\Misc</Filter>
    </ClInclude>
    <ClInclude Include="crossos.h">
      <Filter>Header Files\Misc</Filter>
    </ClInclude>
    <ClInclude Include="ILoggingManager.h">
      <Filter>Header Files\Utils\Logger</Filter>
    </ClInclude>
    <ClInclude Include="Logger.h">
      <Filter>Header Files\Utils\Logger</Filter>
    </ClInclude>
    <ClInclude Include="LoggingManager.h">
      <Filter>Header Files\Utils\Logger</Filter>
    </ClInclude>
    <ClInclude Include="Events.h">
      <Filter>Header Files\Utils\Events</Filter>
    </ClInclude>
  </ItemGroup>
  <ItemGroup>
    <ClCompile Include="..\libraries\raknet\Source\_FindFirst.cpp">
      <Filter>RakNet</Filter>
    </ClCompile>
    <ClCompile Include="..\libraries\raknet\Source\Base64Encoder.cpp">
      <Filter>RakNet</Filter>
    </ClCompile>
    <ClCompile Include="..\libraries\raknet\Source\BitStream.cpp">
      <Filter>RakNet</Filter>
    </ClCompile>
    <ClCompile Include="..\libraries\raknet\Source\CCRakNetSlidingWindow.cpp">
      <Filter>RakNet</Filter>
    </ClCompile>
    <ClCompile Include="..\libraries\raknet\Source\CCRakNetUDT.cpp">
      <Filter>RakNet</Filter>
    </ClCompile>
    <ClCompile Include="..\libraries\raknet\Source\CheckSum.cpp">
      <Filter>RakNet</Filter>
    </ClCompile>
    <ClCompile Include="..\libraries\raknet\Source\CloudClient.cpp">
      <Filter>RakNet</Filter>
    </ClCompile>
    <ClCompile Include="..\libraries\raknet\Source\CloudCommon.cpp">
      <Filter>RakNet</Filter>
    </ClCompile>
    <ClCompile Include="..\libraries\raknet\Source\CloudServer.cpp">
      <Filter>RakNet</Filter>
    </ClCompile>
    <ClCompile Include="..\libraries\raknet\Source\CommandParserInterface.cpp">
      <Filter>RakNet</Filter>
    </ClCompile>
    <ClCompile Include="..\libraries\raknet\Source\ConnectionGraph2.cpp">
      <Filter>RakNet</Filter>
    </ClCompile>
    <ClCompile Include="..\libraries\raknet\Source\ConsoleServer.cpp">
      <Filter>RakNet</Filter>
    </ClCompile>
    <ClCompile Include="..\libraries\raknet\Source\DataCompressor.cpp">
      <Filter>RakNet</Filter>
    </ClCompile>
    <ClCompile Include="..\libraries\raknet\Source\DirectoryDeltaTransfer.cpp">
      <Filter>RakNet</Filter>
    </ClCompile>
    <ClCompile Include="..\libraries\raknet\Source\DR_SHA1.cpp">
      <Filter>RakNet</Filter>
    </ClCompile>
    <ClCompile Include="..\libraries\raknet\Source\DS_BytePool.cpp">
      <Filter>RakNet</Filter>
    </ClCompile>
    <ClCompile Include="..\libraries\raknet\Source\DS_ByteQueue.cpp">
      <Filter>RakNet</Filter>
    </ClCompile>
    <ClCompile Include="..\libraries\raknet\Source\DS_HuffmanEncodingTree.cpp">
      <Filter>RakNet</Filter>
    </ClCompile>
    <ClCompile Include="..\libraries\raknet\Source\DS_Table.cpp">
      <Filter>RakNet</Filter>
    </ClCompile>
    <ClCompile Include="..\libraries\raknet\Source\DynDNS.cpp">
      <Filter>RakNet</Filter>
    </ClCompile>
    <ClCompile Include="..\libraries\raknet\Source\EmailSender.cpp">
      <Filter>RakNet</Filter>
    </ClCompile>
    <ClCompile Include="..\libraries\raknet\Source\EpochTimeToString.cpp">
      <Filter>RakNet</Filter>
    </ClCompile>
    <ClCompile Include="..\libraries\raknet\Source\FileList.cpp">
      <Filter>RakNet</Filter>
    </ClCompile>
    <ClCompile Include="..\libraries\raknet\Source\FileListTransfer.cpp">
      <Filter>RakNet</Filter>
    </ClCompile>
    <ClCompile Include="..\libraries\raknet\Source\FileOperations.cpp">
      <Filter>RakNet</Filter>
    </ClCompile>
    <ClCompile Include="..\libraries\raknet\Source\FormatString.cpp">
      <Filter>RakNet</Filter>
    </ClCompile>
    <ClCompile Include="..\libraries\raknet\Source\FullyConnectedMesh2.cpp">
      <Filter>RakNet</Filter>
    </ClCompile>
    <ClCompile Include="..\libraries\raknet\Source\Getche.cpp">
      <Filter>RakNet</Filter>
    </ClCompile>
    <ClCompile Include="..\libraries\raknet\Source\Gets.cpp">
      <Filter>RakNet</Filter>
    </ClCompile>
    <ClCompile Include="..\libraries\raknet\Source\GetTime.cpp">
      <Filter>RakNet</Filter>
    </ClCompile>
    <ClCompile Include="..\libraries\raknet\Source\gettimeofday.cpp">
      <Filter>RakNet</Filter>
    </ClCompile>
    <ClCompile Include="..\libraries\raknet\Source\GridSectorizer.cpp">
      <Filter>RakNet</Filter>
    </ClCompile>
    <ClCompile Include="..\libraries\raknet\Source\HTTPConnection.cpp">
      <Filter>RakNet</Filter>
    </ClCompile>
    <ClCompile Include="..\libraries\raknet\Source\HTTPConnection2.cpp">
      <Filter>RakNet</Filter>
    </ClCompile>
    <ClCompile Include="..\libraries\raknet\Source\IncrementalReadInterface.cpp">
      <Filter>RakNet</Filter>
    </ClCompile>
    <ClCompile Include="..\libraries\raknet\Source\Itoa.cpp">
      <Filter>RakNet</Filter>
    </ClCompile>
    <ClCompile Include="..\libraries\raknet\Source\LinuxStrings.cpp">
      <Filter>RakNet</Filter>
    </ClCompile>
    <ClCompile Include="..\libraries\raknet\Source\LocklessTypes.cpp">
      <Filter>RakNet</Filter>
    </ClCompile>
    <ClCompile Include="..\libraries\raknet\Source\LogCommandParser.cpp">
      <Filter>RakNet</Filter>
    </ClCompile>
    <ClCompile Include="..\libraries\raknet\Source\MessageFilter.cpp">
      <Filter>RakNet</Filter>
    </ClCompile>
    <ClCompile Include="..\libraries\raknet\Source\NatPunchthroughClient.cpp">
      <Filter>RakNet</Filter>
    </ClCompile>
    <ClCompile Include="..\libraries\raknet\Source\NatPunchthroughServer.cpp">
      <Filter>RakNet</Filter>
    </ClCompile>
    <ClCompile Include="..\libraries\raknet\Source\NatTypeDetectionClient.cpp">
      <Filter>RakNet</Filter>
    </ClCompile>
    <ClCompile Include="..\libraries\raknet\Source\NatTypeDetectionCommon.cpp">
      <Filter>RakNet</Filter>
    </ClCompile>
    <ClCompile Include="..\libraries\raknet\Source\NatTypeDetectionServer.cpp">
      <Filter>RakNet</Filter>
    </ClCompile>
    <ClCompile Include="..\libraries\raknet\Source\NetworkIDManager.cpp">
      <Filter>RakNet</Filter>
    </ClCompile>
    <ClCompile Include="..\libraries\raknet\Source\NetworkIDObject.cpp">
      <Filter>RakNet</Filter>
    </ClCompile>
    <ClCompile Include="..\libraries\raknet\Source\PacketConsoleLogger.cpp">
      <Filter>RakNet</Filter>
    </ClCompile>
    <ClCompile Include="..\libraries\raknet\Source\PacketFileLogger.cpp">
      <Filter>RakNet</Filter>
    </ClCompile>
    <ClCompile Include="..\libraries\raknet\Source\PacketizedTCP.cpp">
      <Filter>RakNet</Filter>
    </ClCompile>
    <ClCompile Include="..\libraries\raknet\Source\PacketLogger.cpp">
      <Filter>RakNet</Filter>
    </ClCompile>
    <ClCompile Include="..\libraries\raknet\Source\PacketOutputWindowLogger.cpp">
      <Filter>RakNet</Filter>
    </ClCompile>
    <ClCompile Include="..\libraries\raknet\Source\PluginInterface2.cpp">
      <Filter>RakNet</Filter>
    </ClCompile>
    <ClCompile Include="..\libraries\raknet\Source\PS4Includes.cpp">
      <Filter>RakNet</Filter>
    </ClCompile>
    <ClCompile Include="..\libraries\raknet\Source\Rackspace.cpp">
      <Filter>RakNet</Filter>
    </ClCompile>
    <ClCompile Include="..\libraries\raknet\Source\RakMemoryOverride.cpp">
      <Filter>RakNet</Filter>
    </ClCompile>
    <ClCompile Include="..\libraries\raknet\Source\RakNetCommandParser.cpp">
      <Filter>RakNet</Filter>
    </ClCompile>
    <ClCompile Include="..\libraries\raknet\Source\RakNetSocket.cpp">
      <Filter>RakNet</Filter>
    </ClCompile>
    <ClCompile Include="..\libraries\raknet\Source\RakNetSocket2.cpp">
      <Filter>RakNet</Filter>
    </ClCompile>
    <ClCompile Include="..\libraries\raknet\Source\RakNetSocket2_360_720.cpp">
      <Filter>RakNet</Filter>
    </ClCompile>
    <ClCompile Include="..\libraries\raknet\Source\RakNetSocket2_Berkley.cpp">
      <Filter>RakNet</Filter>
    </ClCompile>
    <ClCompile Include="..\libraries\raknet\Source\RakNetSocket2_Berkley_NativeClient.cpp">
      <Filter>RakNet</Filter>
    </ClCompile>
    <ClCompile Include="..\libraries\raknet\Source\RakNetSocket2_NativeClient.cpp">
      <Filter>RakNet</Filter>
    </ClCompile>
    <ClCompile Include="..\libraries\raknet\Source\RakNetSocket2_PS3_PS4.cpp">
      <Filter>RakNet</Filter>
    </ClCompile>
    <ClCompile Include="..\libraries\raknet\Source\RakNetSocket2_PS4.cpp">
      <Filter>RakNet</Filter>
    </ClCompile>
    <ClCompile Include="..\libraries\raknet\Source\RakNetSocket2_Vita.cpp">
      <Filter>RakNet</Filter>
    </ClCompile>
    <ClCompile Include="..\libraries\raknet\Source\RakNetSocket2_Windows_Linux.cpp">
      <Filter>RakNet</Filter>
    </ClCompile>
    <ClCompile Include="..\libraries\raknet\Source\RakNetSocket2_Windows_Linux_360.cpp">
      <Filter>RakNet</Filter>
    </ClCompile>
    <ClCompile Include="..\libraries\raknet\Source\RakNetSocket2_WindowsStore8.cpp">
      <Filter>RakNet</Filter>
    </ClCompile>
    <ClCompile Include="..\libraries\raknet\Source\RakNetStatistics.cpp">
      <Filter>RakNet</Filter>
    </ClCompile>
    <ClCompile Include="..\libraries\raknet\Source\RakNetTransport2.cpp">
      <Filter>RakNet</Filter>
    </ClCompile>
    <ClCompile Include="..\libraries\raknet\Source\RakNetTypes.cpp">
      <Filter>RakNet</Filter>
    </ClCompile>
    <ClCompile Include="..\libraries\raknet\Source\RakPeer.cpp">
      <Filter>RakNet</Filter>
    </ClCompile>
    <ClCompile Include="..\libraries\raknet\Source\RakSleep.cpp">
      <Filter>RakNet</Filter>
    </ClCompile>
    <ClCompile Include="..\libraries\raknet\Source\RakString.cpp">
      <Filter>RakNet</Filter>
    </ClCompile>
    <ClCompile Include="..\libraries\raknet\Source\RakThread.cpp">
      <Filter>RakNet</Filter>
    </ClCompile>
    <ClCompile Include="..\libraries\raknet\Source\RakWString.cpp">
      <Filter>RakNet</Filter>
    </ClCompile>
    <ClCompile Include="..\libraries\raknet\Source\Rand.cpp">
      <Filter>RakNet</Filter>
    </ClCompile>
    <ClCompile Include="..\libraries\raknet\Source\RandSync.cpp">
      <Filter>RakNet</Filter>
    </ClCompile>
    <ClCompile Include="..\libraries\raknet\Source\ReadyEvent.cpp">
      <Filter>RakNet</Filter>
    </ClCompile>
    <ClCompile Include="..\libraries\raknet\Source\RelayPlugin.cpp">
      <Filter>RakNet</Filter>
    </ClCompile>
    <ClCompile Include="..\libraries\raknet\Source\ReliabilityLayer.cpp">
      <Filter>RakNet</Filter>
    </ClCompile>
    <ClCompile Include="..\libraries\raknet\Source\ReplicaManager3.cpp">
      <Filter>RakNet</Filter>
    </ClCompile>
    <ClCompile Include="..\libraries\raknet\Source\Router2.cpp">
      <Filter>RakNet</Filter>
    </ClCompile>
    <ClCompile Include="..\libraries\raknet\Source\RPC4Plugin.cpp">
      <Filter>RakNet</Filter>
    </ClCompile>
    <ClCompile Include="..\libraries\raknet\Source\SecureHandshake.cpp">
      <Filter>RakNet</Filter>
    </ClCompile>
    <ClCompile Include="..\libraries\raknet\Source\SendToThread.cpp">
      <Filter>RakNet</Filter>
    </ClCompile>
    <ClCompile Include="..\libraries\raknet\Source\SignaledEvent.cpp">
      <Filter>RakNet</Filter>
    </ClCompile>
    <ClCompile Include="..\libraries\raknet\Source\SimpleMutex.cpp">
      <Filter>RakNet</Filter>
    </ClCompile>
    <ClCompile Include="..\libraries\raknet\Source\SocketLayer.cpp">
      <Filter>RakNet</Filter>
    </ClCompile>
    <ClCompile Include="..\libraries\raknet\Source\StatisticsHistory.cpp">
      <Filter>RakNet</Filter>
    </ClCompile>
    <ClCompile Include="..\libraries\raknet\Source\StringCompressor.cpp">
      <Filter>RakNet</Filter>
    </ClCompile>
    <ClCompile Include="..\libraries\raknet\Source\StringTable.cpp">
      <Filter>RakNet</Filter>
    </ClCompile>
    <ClCompile Include="..\libraries\raknet\Source\SuperFastHash.cpp">
      <Filter>RakNet</Filter>
    </ClCompile>
    <ClCompile Include="..\libraries\raknet\Source\TableSerializer.cpp">
      <Filter>RakNet</Filter>
    </ClCompile>
    <ClCompile Include="..\libraries\raknet\Source\TCPInterface.cpp">
      <Filter>RakNet</Filter>
    </ClCompile>
    <ClCompile Include="..\libraries\raknet\Source\TeamBalancer.cpp">
      <Filter>RakNet</Filter>
    </ClCompile>
    <ClCompile Include="..\libraries\raknet\Source\TeamManager.cpp">
      <Filter>RakNet</Filter>
    </ClCompile>
    <ClCompile Include="..\libraries\raknet\Source\TelnetTransport.cpp">
      <Filter>RakNet</Filter>
    </ClCompile>
    <ClCompile Include="..\libraries\raknet\Source\ThreadsafePacketLogger.cpp">
      <Filter>RakNet</Filter>
    </ClCompile>
    <ClCompile Include="..\libraries\raknet\Source\TwoWayAuthentication.cpp">
      <Filter>RakNet</Filter>
    </ClCompile>
    <ClCompile Include="..\libraries\raknet\Source\UDPForwarder.cpp">
      <Filter>RakNet</Filter>
    </ClCompile>
    <ClCompile Include="..\libraries\raknet\Source\UDPProxyClient.cpp">
      <Filter>RakNet</Filter>
    </ClCompile>
    <ClCompile Include="..\libraries\raknet\Source\UDPProxyCoordinator.cpp">
      <Filter>RakNet</Filter>
    </ClCompile>
    <ClCompile Include="..\libraries\raknet\Source\UDPProxyServer.cpp">
      <Filter>RakNet</Filter>
    </ClCompile>
    <ClCompile Include="..\libraries\raknet\Source\VariableDeltaSerializer.cpp">
      <Filter>RakNet</Filter>
    </ClCompile>
    <ClCompile Include="..\libraries\raknet\Source\VariableListDeltaTracker.cpp">
      <Filter>RakNet</Filter>
    </ClCompile>
    <ClCompile Include="..\libraries\raknet\Source\VariadicSQLParser.cpp">
      <Filter>RakNet</Filter>
    </ClCompile>
    <ClCompile Include="..\libraries\raknet\Source\VitaIncludes.cpp">
      <Filter>RakNet</Filter>
    </ClCompile>
    <ClCompile Include="..\libraries\raknet\Source\WSAStartupSingleton.cpp">
      <Filter>RakNet</Filter>
    </ClCompile>
    <ClCompile Include="Logger.cpp">
      <Filter>Source Files\Utils\Logger</Filter>
    </ClCompile>
    <ClCompile Include="LoggingManager.cpp">
      <Filter>Source Files\Utils\Logger</Filter>
    </ClCompile>
  </ItemGroup>
</Project>