<?xml version="1.0" encoding="utf-8"?>
<Project ToolsVersion="4.0" xmlns="http://schemas.microsoft.com/developer/msbuild/2003">
  <ItemGroup>
    <Filter Include="Source Files">
      <UniqueIdentifier>{4FC737F1-C7A5-4376-A066-2A32D752A2FF}</UniqueIdentifier>
      <Extensions>cpp;c;cc;cxx;def;odl;idl;hpj;bat;asm;asmx</Extensions>
    </Filter>
    <Filter Include="Header Files">
      <UniqueIdentifier>{93995380-89BD-4b04-88EB-625FBE52EBFB}</UniqueIdentifier>
      <Extensions>h;hh;hpp;hxx;hm;inl;inc;xsd</Extensions>
    </Filter>
    <Filter Include="Resource Files">
      <UniqueIdentifier>{67DA6AB6-F800-4c08-8B7A-83BB121AAD01}</UniqueIdentifier>
      <Extensions>rc;ico;cur;bmp;dlg;rc2;rct;bin;rgs;gif;jpg;jpeg;jpe;resx;tiff;tif;png;wav;mfcribbon-ms</Extensions>
    </Filter>
    <Filter Include="Header Files\Header Wrappers">
      <UniqueIdentifier>{e156f41a-4158-4401-b1e7-ef36234be436}</UniqueIdentifier>
    </Filter>
    <Filter Include="Header Files\Renderers">
      <UniqueIdentifier>{b7758533-3d77-424c-ba6d-e74e758e1407}</UniqueIdentifier>
    </Filter>
    <Filter Include="Source Files\Renderers">
      <UniqueIdentifier>{270189a7-3215-4d29-b710-b1e32a85259f}</UniqueIdentifier>
    </Filter>
    <Filter Include="Header Files\Content Types">
      <UniqueIdentifier>{fcc7f819-7ba0-49cc-9e21-687f76c4c46f}</UniqueIdentifier>
    </Filter>
    <Filter Include="Source Files\Content Types">
      <UniqueIdentifier>{38f29dab-2b02-42e5-9fce-f3b89c1d4950}</UniqueIdentifier>
    </Filter>
  </ItemGroup>
  <ItemGroup>
    <ClInclude Include="OpenGLGraphics.h">
      <Filter>Header Files</Filter>
    </ClInclude>
    <ClInclude Include="OpenGLCamera.h">
      <Filter>Header Files</Filter>
    </ClInclude>
    <ClInclude Include="OpenGLGraphicsLoader.h">
      <Filter>Header Files</Filter>
    </ClInclude>
    <ClInclude Include="OpenGLGraphicsFactory.h">
      <Filter>Header Files</Filter>
    </ClInclude>
    <ClInclude Include="ILheaders.h">
      <Filter>Header Files\Header Wrappers</Filter>
    </ClInclude>
    <ClInclude Include="GLheaders.h">
      <Filter>Header Files\Header Wrappers</Filter>
    </ClInclude>
    <ClInclude Include="TileRenderer.h">
      <Filter>Header Files\Renderers</Filter>
    </ClInclude>
    <ClInclude Include="TileArray.h">
      <Filter>Header Files\Content Types</Filter>
    </ClInclude>
    <ClInclude Include="Texture2D.h">
      <Filter>Header Files\Content Types</Filter>
    </ClInclude>
  </ItemGroup>
  <ItemGroup>
    <ClCompile Include="OpenGLGraphics.cpp">
      <Filter>Source Files</Filter>
    </ClCompile>
    <ClCompile Include="OpenGLGraphicsFactory.cpp">
      <Filter>Source Files</Filter>
    </ClCompile>
    <ClCompile Include="Texture2D.cpp">
      <Filter>Source Files\Content Types</Filter>
    </ClCompile>
    <ClCompile Include="TileArray.cpp">
      <Filter>Source Files\Content Types</Filter>
    </ClCompile>
  </ItemGroup>
</Project>