<?xml version="1.0" encoding="utf-8"?>
<Project ToolsVersion="4.0" xmlns="http://schemas.microsoft.com/developer/msbuild/2003">
  <ItemGroup>
    <Filter Include="Source Files">
      <UniqueIdentifier>{4FC737F1-C7A5-4376-A066-2A32D752A2FF}</UniqueIdentifier>
      <Extensions>cpp;c;cc;cxx;def;odl;idl;hpj;bat;asm;asmx</Extensions>
    </Filter>
    <Filter Include="Header Files">
      <UniqueIdentifier>{93995380-89BD-4b04-88EB-625FBE52EBFB}</UniqueIdentifier>
      <Extensions>h;hh;hpp;hxx;hm;inl;inc;xsd</Extensions>
    </Filter>
    <Filter Include="Resource Files">
      <UniqueIdentifier>{67DA6AB6-F800-4c08-8B7A-83BB121AAD01}</UniqueIdentifier>
      <Extensions>rc;ico;cur;bmp;dlg;rc2;rct;bin;rgs;gif;jpg;jpeg;jpe;resx;tiff;tif;png;wav;mfcribbon-ms</Extensions>
    </Filter>
    <Filter Include="Header Files\Core">
      <UniqueIdentifier>{c95f6516-f325-4e51-97a6-bdc028622443}</UniqueIdentifier>
    </Filter>
    <Filter Include="Source Files\Core">
      <UniqueIdentifier>{563447f9-87a8-4bf9-bb4c-bb45560de249}</UniqueIdentifier>
    </Filter>
    <Filter Include="Source Files\Network">
      <UniqueIdentifier>{16121090-fe35-47ef-8ca1-532ca8b74561}</UniqueIdentifier>
    </Filter>
    <Filter Include="Header Files\Network">
      <UniqueIdentifier>{65d80e6d-0ce3-416a-a983-dd3387fdede3}</UniqueIdentifier>
    </Filter>
    <Filter Include="Header Files\Misc">
      <UniqueIdentifier>{2a225fbb-42ed-49ce-8cac-91c24699ddc8}</UniqueIdentifier>
    </Filter>
    <Filter Include="Header Files\Agents">
      <UniqueIdentifier>{4c5c97f5-ce13-49e8-9793-2870ab5211f6}</UniqueIdentifier>
    </Filter>
    <Filter Include="Source Files\Agents">
      <UniqueIdentifier>{2109cd85-85d7-41a7-bed2-b825a8871b2a}</UniqueIdentifier>
    </Filter>
    <Filter Include="Header Files\Players">
      <UniqueIdentifier>{6eed479f-24a2-409b-b1fc-3d26a6d0622f}</UniqueIdentifier>
    </Filter>
    <Filter Include="Source Files\Players">
      <UniqueIdentifier>{b7972947-252c-4466-8718-db43ae7f15e2}</UniqueIdentifier>
    </Filter>
  </ItemGroup>
  <ItemGroup>
    <ClInclude Include="Server.h">
      <Filter>Header Files\Core</Filter>
    </ClInclude>
    <ClInclude Include="IServer.h">
      <Filter>Header Files\Core</Filter>
    </ClInclude>
    <ClInclude Include="INetworkManager.h">
      <Filter>Header Files\Network</Filter>
    </ClInclude>
    <ClInclude Include="NetworkManager.h">
      <Filter>Header Files\Network</Filter>
    </ClInclude>
    <ClInclude Include="gdefines.h">
      <Filter>Header Files\Misc</Filter>
    </ClInclude>
    <ClInclude Include="IAgentManager.h">
      <Filter>Header Files\Agents</Filter>
    </ClInclude>
    <ClInclude Include="AgentManager.h">
      <Filter>Header Files\Agents</Filter>
    </ClInclude>
    <ClInclude Include="IPlayerManager.h">
      <Filter>Header Files\Players</Filter>
    </ClInclude>
    <ClInclude Include="PlayerManager.h">
      <Filter>Header Files\Players</Filter>
    </ClInclude>
    <ClInclude Include="PlayerPacketHandler.h">
      <Filter>Header Files\Players</Filter>
    </ClInclude>
    <ClInclude Include="AgentTypes.h">
      <Filter>Header Files\Agents</Filter>
    </ClInclude>
    <ClInclude Include="IAgent.h">
      <Filter>Header Files\Agents</Filter>
    </ClInclude>
  </ItemGroup>
  <ItemGroup>
    <ClCompile Include="Server.cpp">
      <Filter>Source Files\Core</Filter>
    </ClCompile>
    <ClCompile Include="NetworkManager.cpp">
      <Filter>Source Files\Network</Filter>
    </ClCompile>
    <ClCompile Include="AgentManager.cpp">
      <Filter>Source Files\Agents</Filter>
    </ClCompile>
    <ClCompile Include="PlayerManager.cpp">
      <Filter>Source Files\Players</Filter>
    </ClCompile>
    <ClCompile Include="PlayerPacketHandler.cpp">
      <Filter>Source Files\Players</Filter>
    </ClCompile>
    <ClCompile Include="AgentTypes.cpp">
      <Filter>Source Files\Agents</Filter>
    </ClCompile>
  </ItemGroup>
</Project>